
Microsoft Visual Studio Solution File, Format Version 12.00
# Visual Studio Version 17
VisualStudioVersion = 17.11.35303.130
MinimumVisualStudioVersion = 10.0.40219.1
Project("{2150E333-8FDC-42A3-9474-1A3956D46DE8}") = "Task0", "Task0", "{3C4BB776-1CC3-4B89-9D01-4F4A1540A672}"
EndProject
Project("{9A19103F-16F7-4668-BE54-9A1E7A4F7556}") = "Tyuiu.NedelkinFA.Sprint4.Task0.V15", "Tyuiu.NedelkinFA.Sprint4.Task0.V15\Tyuiu.NedelkinFA.Sprint4.Task0.V15.csproj", "{9B072C76-305F-40C0-885B-29D4EED69826}"
EndProject
Project("{9A19103F-16F7-4668-BE54-9A1E7A4F7556}") = "Tyuiu.NedelkinFA.Sprint4.Task0.V15.Lib", "Tyuiu.NedelkinFA.Sprint4.Task0.V15.Lib\Tyuiu.NedelkinFA.Sprint4.Task0.V15.Lib.csproj", "{43106DEE-5CFE-4DB0-AA23-F7EC496FE1D9}"
EndProject
Project("{9A19103F-16F7-4668-BE54-9A1E7A4F7556}") = "Tyuiu.NedelkinFA.Sprint4.Task0.V15.Test", "Tyuiu.NedelkinFA.Sprint4.Task0.V15.Test\Tyuiu.NedelkinFA.Sprint4.Task0.V15.Test.csproj", "{FC306F48-5F38-449B-97B6-E5A40BCA2E24}"
EndProject
Project("{2150E333-8FDC-42A3-9474-1A3956D46DE8}") = "Task1", "Task1", "{5A7D9CA6-DD60-4360-BE11-C4D5005BBBB5}"
EndProject
Project("{9A19103F-16F7-4668-BE54-9A1E7A4F7556}") = "Tyuiu.NedelkinFA.Sprint4.Task1.V13", "Tyuiu.NedelkinFA.Sprint4.Task1.V13\Tyuiu.NedelkinFA.Sprint4.Task1.V13.csproj", "{56EE14CA-AB6A-4C0B-A3B8-8E37A7ADB5CB}"
EndProject
Project("{9A19103F-16F7-4668-BE54-9A1E7A4F7556}") = "Tyuiu.NedelkinFA.Sprint4.Task1.V13.Lib", "Tyuiu.NedelkinFA.Sprint4.Task1.V13.Lib\Tyuiu.NedelkinFA.Sprint4.Task1.V13.Lib.csproj", "{88932306-48C8-4E9F-AB12-8E9DB8CD4FFA}"
EndProject
Project("{9A19103F-16F7-4668-BE54-9A1E7A4F7556}") = "Tyuiu.NedelkinFA.Sprint4.Task1.V13.Test", "Tyuiu.NedelkinFA.Sprint4.Task1.V13.Test\Tyuiu.NedelkinFA.Sprint4.Task1.V13.Test.csproj", "{C76FAFC7-7F2A-4B88-9590-F894FBAD0F48}"
EndProject
Project("{2150E333-8FDC-42A3-9474-1A3956D46DE8}") = "Task2", "Task2", "{7F079DDA-AB30-4455-A808-B2A3040371AA}"
EndProject
Project("{FAE04EC0-301F-11D3-BF4B-00C04F79EFBC}") = "Tyuiu.NedelkinFA.Sprint4.Task2.V15", "Tyuiu.NedelkinFA.Sprint4.Task2.V15\Tyuiu.NedelkinFA.Sprint4.Task2.V15.csproj", "{EB757E2A-9493-4056-9EAC-E0FDA51EEEB1}"
EndProject
Project("{FAE04EC0-301F-11D3-BF4B-00C04F79EFBC}") = "Tyuiu.NedelkinFA.Sprint4.Task2.V15.Lib", "Tyuiu.NedelkinFA.Sprint4.Task2.V15.Lib\Tyuiu.NedelkinFA.Sprint4.Task2.V15.Lib.csproj", "{3CBF5805-EA0E-45BC-9DFF-2474EF79DF89}"
EndProject
Project("{FAE04EC0-301F-11D3-BF4B-00C04F79EFBC}") = "Tyuiu.NedelkinFA.Sprint4.Task2.V15.Test", "Tyuiu.NedelkinFA.Sprint4.Task2.V15.Test\Tyuiu.NedelkinFA.Sprint4.Task2.V15.Test.csproj", "{3E1FECEB-D359-451F-927B-E859CCF5609D}"
EndProject
Project("{2150E333-8FDC-42A3-9474-1A3956D46DE8}") = "Task3", "Task3", "{778D9F65-5287-413A-98EB-138C97328CE3}"
EndProject
Project("{FAE04EC0-301F-11D3-BF4B-00C04F79EFBC}") = "Tyuiu.NedelkinFA.Sprint4.Task3.V10", "Tyuiu.NedelkinFA.Sprint4.Task3.V10\Tyuiu.NedelkinFA.Sprint4.Task3.V10.csproj", "{81DC3268-2CC4-4B75-862F-D9EE5BE144FC}"
EndProject
Project("{FAE04EC0-301F-11D3-BF4B-00C04F79EFBC}") = "Tyuiu.NedelkinFA.Sprint4.Task3.V10.Lib", "Tyuiu.NedelkinFA.Sprint4.Task3.V10.Lib\Tyuiu.NedelkinFA.Sprint4.Task3.V10.Lib.csproj", "{59C33839-D810-4317-A6F8-5860774B9F2B}"
EndProject
Project("{FAE04EC0-301F-11D3-BF4B-00C04F79EFBC}") = "Tyuiu.NedelkinFA.Sprint4.Task3.V10.Test", "Tyuiu.NedelkinFA.Sprint4.Task3.V10.Test\Tyuiu.NedelkinFA.Sprint4.Task3.V10.Test.csproj", "{368EC207-6C8E-48DA-9DEC-2DFD70233033}"
EndProject
Global
	GlobalSection(SolutionConfigurationPlatforms) = preSolution
		Debug|Any CPU = Debug|Any CPU
		Release|Any CPU = Release|Any CPU
	EndGlobalSection
	GlobalSection(ProjectConfigurationPlatforms) = postSolution
		{9B072C76-305F-40C0-885B-29D4EED69826}.Debug|Any CPU.ActiveCfg = Debug|Any CPU
		{9B072C76-305F-40C0-885B-29D4EED69826}.Debug|Any CPU.Build.0 = Debug|Any CPU
		{9B072C76-305F-40C0-885B-29D4EED69826}.Release|Any CPU.ActiveCfg = Release|Any CPU
		{9B072C76-305F-40C0-885B-29D4EED69826}.Release|Any CPU.Build.0 = Release|Any CPU
		{43106DEE-5CFE-4DB0-AA23-F7EC496FE1D9}.Debug|Any CPU.ActiveCfg = Debug|Any CPU
		{43106DEE-5CFE-4DB0-AA23-F7EC496FE1D9}.Debug|Any CPU.Build.0 = Debug|Any CPU
		{43106DEE-5CFE-4DB0-AA23-F7EC496FE1D9}.Release|Any CPU.ActiveCfg = Release|Any CPU
		{43106DEE-5CFE-4DB0-AA23-F7EC496FE1D9}.Release|Any CPU.Build.0 = Release|Any CPU
		{FC306F48-5F38-449B-97B6-E5A40BCA2E24}.Debug|Any CPU.ActiveCfg = Debug|Any CPU
		{FC306F48-5F38-449B-97B6-E5A40BCA2E24}.Debug|Any CPU.Build.0 = Debug|Any CPU
		{FC306F48-5F38-449B-97B6-E5A40BCA2E24}.Release|Any CPU.ActiveCfg = Release|Any CPU
		{FC306F48-5F38-449B-97B6-E5A40BCA2E24}.Release|Any CPU.Build.0 = Release|Any CPU
		{56EE14CA-AB6A-4C0B-A3B8-8E37A7ADB5CB}.Debug|Any CPU.ActiveCfg = Debug|Any CPU
		{56EE14CA-AB6A-4C0B-A3B8-8E37A7ADB5CB}.Debug|Any CPU.Build.0 = Debug|Any CPU
		{56EE14CA-AB6A-4C0B-A3B8-8E37A7ADB5CB}.Release|Any CPU.ActiveCfg = Release|Any CPU
		{56EE14CA-AB6A-4C0B-A3B8-8E37A7ADB5CB}.Release|Any CPU.Build.0 = Release|Any CPU
		{88932306-48C8-4E9F-AB12-8E9DB8CD4FFA}.Debug|Any CPU.ActiveCfg = Debug|Any CPU
		{88932306-48C8-4E9F-AB12-8E9DB8CD4FFA}.Debug|Any CPU.Build.0 = Debug|Any CPU
		{88932306-48C8-4E9F-AB12-8E9DB8CD4FFA}.Release|Any CPU.ActiveCfg = Release|Any CPU
		{88932306-48C8-4E9F-AB12-8E9DB8CD4FFA}.Release|Any CPU.Build.0 = Release|Any CPU
		{C76FAFC7-7F2A-4B88-9590-F894FBAD0F48}.Debug|Any CPU.ActiveCfg = Debug|Any CPU
		{C76FAFC7-7F2A-4B88-9590-F894FBAD0F48}.Debug|Any CPU.Build.0 = Debug|Any CPU
		{C76FAFC7-7F2A-4B88-9590-F894FBAD0F48}.Release|Any CPU.ActiveCfg = Release|Any CPU
		{C76FAFC7-7F2A-4B88-9590-F894FBAD0F48}.Release|Any CPU.Build.0 = Release|Any CPU
		{EB757E2A-9493-4056-9EAC-E0FDA51EEEB1}.Debug|Any CPU.ActiveCfg = Debug|Any CPU
		{EB757E2A-9493-4056-9EAC-E0FDA51EEEB1}.Debug|Any CPU.Build.0 = Debug|Any CPU
		{EB757E2A-9493-4056-9EAC-E0FDA51EEEB1}.Release|Any CPU.ActiveCfg = Release|Any CPU
		{EB757E2A-9493-4056-9EAC-E0FDA51EEEB1}.Release|Any CPU.Build.0 = Release|Any CPU
		{3CBF5805-EA0E-45BC-9DFF-2474EF79DF89}.Debug|Any CPU.ActiveCfg = Debug|Any CPU
		{3CBF5805-EA0E-45BC-9DFF-2474EF79DF89}.Debug|Any CPU.Build.0 = Debug|Any CPU
		{3CBF5805-EA0E-45BC-9DFF-2474EF79DF89}.Release|Any CPU.ActiveCfg = Release|Any CPU
		{3CBF5805-EA0E-45BC-9DFF-2474EF79DF89}.Release|Any CPU.Build.0 = Release|Any CPU
		{3E1FECEB-D359-451F-927B-E859CCF5609D}.Debug|Any CPU.ActiveCfg = Debug|Any CPU
		{3E1FECEB-D359-451F-927B-E859CCF5609D}.Debug|Any CPU.Build.0 = Debug|Any CPU
		{3E1FECEB-D359-451F-927B-E859CCF5609D}.Release|Any CPU.ActiveCfg = Release|Any CPU
		{3E1FECEB-D359-451F-927B-E859CCF5609D}.Release|Any CPU.Build.0 = Release|Any CPU
		{81DC3268-2CC4-4B75-862F-D9EE5BE144FC}.Debug|Any CPU.ActiveCfg = Debug|Any CPU
		{81DC3268-2CC4-4B75-862F-D9EE5BE144FC}.Debug|Any CPU.Build.0 = Debug|Any CPU
		{81DC3268-2CC4-4B75-862F-D9EE5BE144FC}.Release|Any CPU.ActiveCfg = Release|Any CPU
		{81DC3268-2CC4-4B75-862F-D9EE5BE144FC}.Release|Any CPU.Build.0 = Release|Any CPU
		{59C33839-D810-4317-A6F8-5860774B9F2B}.Debug|Any CPU.ActiveCfg = Debug|Any CPU
		{59C33839-D810-4317-A6F8-5860774B9F2B}.Debug|Any CPU.Build.0 = Debug|Any CPU
		{59C33839-D810-4317-A6F8-5860774B9F2B}.Release|Any CPU.ActiveCfg = Release|Any CPU
		{59C33839-D810-4317-A6F8-5860774B9F2B}.Release|Any CPU.Build.0 = Release|Any CPU
		{368EC207-6C8E-48DA-9DEC-2DFD70233033}.Debug|Any CPU.ActiveCfg = Debug|Any CPU
		{368EC207-6C8E-48DA-9DEC-2DFD70233033}.Debug|Any CPU.Build.0 = Debug|Any CPU
		{368EC207-6C8E-48DA-9DEC-2DFD70233033}.Release|Any CPU.ActiveCfg = Release|Any CPU
		{368EC207-6C8E-48DA-9DEC-2DFD70233033}.Release|Any CPU.Build.0 = Release|Any CPU
	EndGlobalSection
	GlobalSection(SolutionProperties) = preSolution
		HideSolutionNode = FALSE
	EndGlobalSection
	GlobalSection(NestedProjects) = preSolution
		{9B072C76-305F-40C0-885B-29D4EED69826} = {3C4BB776-1CC3-4B89-9D01-4F4A1540A672}
		{43106DEE-5CFE-4DB0-AA23-F7EC496FE1D9} = {3C4BB776-1CC3-4B89-9D01-4F4A1540A672}
		{FC306F48-5F38-449B-97B6-E5A40BCA2E24} = {3C4BB776-1CC3-4B89-9D01-4F4A1540A672}
		{56EE14CA-AB6A-4C0B-A3B8-8E37A7ADB5CB} = {5A7D9CA6-DD60-4360-BE11-C4D5005BBBB5}
		{88932306-48C8-4E9F-AB12-8E9DB8CD4FFA} = {5A7D9CA6-DD60-4360-BE11-C4D5005BBBB5}
		{C76FAFC7-7F2A-4B88-9590-F894FBAD0F48} = {5A7D9CA6-DD60-4360-BE11-C4D5005BBBB5}
		{EB757E2A-9493-4056-9EAC-E0FDA51EEEB1} = {7F079DDA-AB30-4455-A808-B2A3040371AA}
		{3CBF5805-EA0E-45BC-9DFF-2474EF79DF89} = {7F079DDA-AB30-4455-A808-B2A3040371AA}
		{3E1FECEB-D359-451F-927B-E859CCF5609D} = {7F079DDA-AB30-4455-A808-B2A3040371AA}
		{81DC3268-2CC4-4B75-862F-D9EE5BE144FC} = {778D9F65-5287-413A-98EB-138C97328CE3}
		{59C33839-D810-4317-A6F8-5860774B9F2B} = {778D9F65-5287-413A-98EB-138C97328CE3}
		{368EC207-6C8E-48DA-9DEC-2DFD70233033} = {778D9F65-5287-413A-98EB-138C97328CE3}
	EndGlobalSection
	GlobalSection(ExtensibilityGlobals) = postSolution
		SolutionGuid = {1EF4EA8B-716F-4D95-88E9-10B9D1BA18A6}
	EndGlobalSection
EndGlobal
